
Microsoft Visual Studio Solution File, Format Version 12.00
# Visual Studio 15
VisualStudioVersion = 15.0.27703.1
MinimumVisualStudioVersion = 10.0.40219.1
Project("{FAE04EC0-301F-11D3-BF4B-00C04F79EFBC}") = "__ProjectName__.AspNet", "__ProjectName__.AspNet\__ProjectName__.AspNet.csproj", "{FC8611CF-A950-4FC1-BF0E-CBE87B820900}"
EndProject
Project("{FAE04EC0-301F-11D3-BF4B-00C04F79EFBC}") = "__ProjectName__.Console", "__ProjectName__.Console\__ProjectName__.Console.csproj", "{FC8611CF-A950-4FC1-BF0E-CBE87B820901}"
EndProject
Project("{FAE04EC0-301F-11D3-BF4B-00C04F79EFBC}") = "__ProjectName__.Plugins", "__ProjectName__.Plugins\__ProjectName__.Plugins.csproj", "{FC8611CF-A950-4FC1-BF0E-CBE87B820902}"
EndProject
Global
	GlobalSection(SolutionConfigurationPlatforms) = preSolution
		Debug|Any CPU = Debug|Any CPU
		Release|Any CPU = Release|Any CPU
	EndGlobalSection
	GlobalSection(ProjectConfigurationPlatforms) = postSolution
		{FC8611CF-A950-4FC1-BF0E-CBE87B820900}.Debug|Any CPU.ActiveCfg = Debug|Any CPU
		{FC8611CF-A950-4FC1-BF0E-CBE87B820900}.Debug|Any CPU.Build.0 = Debug|Any CPU
		{FC8611CF-A950-4FC1-BF0E-CBE87B820900}.Release|Any CPU.ActiveCfg = Release|Any CPU
		{FC8611CF-A950-4FC1-BF0E-CBE87B820900}.Release|Any CPU.Build.0 = Release|Any CPU
		{FC8611CF-A950-4FC1-BF0E-CBE87B820901}.Debug|Any CPU.ActiveCfg = Debug|Any CPU
		{FC8611CF-A950-4FC1-BF0E-CBE87B820901}.Debug|Any CPU.Build.0 = Debug|Any CPU
		{FC8611CF-A950-4FC1-BF0E-CBE87B820901}.Release|Any CPU.ActiveCfg = Release|Any CPU
		{FC8611CF-A950-4FC1-BF0E-CBE87B820901}.Release|Any CPU.Build.0 = Release|Any CPU
		{FC8611CF-A950-4FC1-BF0E-CBE87B820902}.Debug|Any CPU.ActiveCfg = Debug|Any CPU
		{FC8611CF-A950-4FC1-BF0E-CBE87B820902}.Debug|Any CPU.Build.0 = Debug|Any CPU
		{FC8611CF-A950-4FC1-BF0E-CBE87B820902}.Release|Any CPU.ActiveCfg = Release|Any CPU
		{FC8611CF-A950-4FC1-BF0E-CBE87B820902}.Release|Any CPU.Build.0 = Release|Any CPU
	EndGlobalSection
	GlobalSection(SolutionProperties) = preSolution
		HideSolutionNode = FALSE
	EndGlobalSection
	GlobalSection(ExtensibilityGlobals) = postSolution
		SolutionGuid = {ADD7D5BC-3CC3-4D25-A9E7-5554D4731023}
	EndGlobalSection
EndGlobal
