
Microsoft Visual Studio Solution File, Format Version 12.00
# Visual Studio 14
VisualStudioVersion = 14.0.25123.0
MinimumVisualStudioVersion = 10.0.40219.1
Project("{8BB2217D-0F2D-49D1-97BC-3654ED321F3B}") = "ZKWeb", "ZKWeb\ZKWeb.xproj", "{BE54809B-966B-464D-ABF4-3837F16B1E7B}"
EndProject
Project("{8BB2217D-0F2D-49D1-97BC-3654ED321F3B}") = "ZKWebStandard", "ZKWebStandard\ZKWebStandard.xproj", "{574BA5EA-1163-46B6-A59F-BD49D65F837D}"
EndProject
Global
	GlobalSection(SolutionConfigurationPlatforms) = preSolution
		Debug|Any CPU = Debug|Any CPU
		Release|Any CPU = Release|Any CPU
	EndGlobalSection
	GlobalSection(ProjectConfigurationPlatforms) = postSolution
		{BE54809B-966B-464D-ABF4-3837F16B1E7B}.Debug|Any CPU.ActiveCfg = Debug|Any CPU
		{BE54809B-966B-464D-ABF4-3837F16B1E7B}.Debug|Any CPU.Build.0 = Debug|Any CPU
		{BE54809B-966B-464D-ABF4-3837F16B1E7B}.Release|Any CPU.ActiveCfg = Release|Any CPU
		{BE54809B-966B-464D-ABF4-3837F16B1E7B}.Release|Any CPU.Build.0 = Release|Any CPU
		{574BA5EA-1163-46B6-A59F-BD49D65F837D}.Debug|Any CPU.ActiveCfg = Debug|Any CPU
		{574BA5EA-1163-46B6-A59F-BD49D65F837D}.Debug|Any CPU.Build.0 = Debug|Any CPU
		{574BA5EA-1163-46B6-A59F-BD49D65F837D}.Release|Any CPU.ActiveCfg = Release|Any CPU
		{574BA5EA-1163-46B6-A59F-BD49D65F837D}.Release|Any CPU.Build.0 = Release|Any CPU
	EndGlobalSection
	GlobalSection(SolutionProperties) = preSolution
		HideSolutionNode = FALSE
	EndGlobalSection
EndGlobal
