
Microsoft Visual Studio Solution File, Format Version 12.00
# Visual Studio 14
VisualStudioVersion = 14.0.25123.0
MinimumVisualStudioVersion = 10.0.40219.1
Project("{FAE04EC0-301F-11D3-BF4B-00C04F79EFBC}") = "ZKWeb", "ZKWeb\ZKWeb.csproj", "{162847D0-8B92-4D7E-839F-E6660D5DFE2F}"
EndProject
Project("{FAE04EC0-301F-11D3-BF4B-00C04F79EFBC}") = "ZKWebStandard", "ZKWebStandard\ZKWebStandard.csproj", "{CE944C66-7A44-442E-9386-25EEADC2ABB1}"
EndProject
Project("{FAE04EC0-301F-11D3-BF4B-00C04F79EFBC}") = "ZKWeb.Console", "ZKWeb.Console\ZKWeb.Console.csproj", "{C85152CD-8F5E-4F45-8BFB-5A88DB2C9751}"
EndProject
Global
	GlobalSection(SolutionConfigurationPlatforms) = preSolution
		Debug|Any CPU = Debug|Any CPU
		Release|Any CPU = Release|Any CPU
	EndGlobalSection
	GlobalSection(ProjectConfigurationPlatforms) = postSolution
		{162847D0-8B92-4D7E-839F-E6660D5DFE2F}.Debug|Any CPU.ActiveCfg = Debug|Any CPU
		{162847D0-8B92-4D7E-839F-E6660D5DFE2F}.Debug|Any CPU.Build.0 = Debug|Any CPU
		{162847D0-8B92-4D7E-839F-E6660D5DFE2F}.Release|Any CPU.ActiveCfg = Release|Any CPU
		{162847D0-8B92-4D7E-839F-E6660D5DFE2F}.Release|Any CPU.Build.0 = Release|Any CPU
		{CE944C66-7A44-442E-9386-25EEADC2ABB1}.Debug|Any CPU.ActiveCfg = Debug|Any CPU
		{CE944C66-7A44-442E-9386-25EEADC2ABB1}.Debug|Any CPU.Build.0 = Debug|Any CPU
		{CE944C66-7A44-442E-9386-25EEADC2ABB1}.Release|Any CPU.ActiveCfg = Release|Any CPU
		{CE944C66-7A44-442E-9386-25EEADC2ABB1}.Release|Any CPU.Build.0 = Release|Any CPU
		{C85152CD-8F5E-4F45-8BFB-5A88DB2C9751}.Debug|Any CPU.ActiveCfg = Debug|Any CPU
		{C85152CD-8F5E-4F45-8BFB-5A88DB2C9751}.Debug|Any CPU.Build.0 = Debug|Any CPU
		{C85152CD-8F5E-4F45-8BFB-5A88DB2C9751}.Release|Any CPU.ActiveCfg = Release|Any CPU
		{C85152CD-8F5E-4F45-8BFB-5A88DB2C9751}.Release|Any CPU.Build.0 = Release|Any CPU
	EndGlobalSection
	GlobalSection(SolutionProperties) = preSolution
		HideSolutionNode = FALSE
	EndGlobalSection
EndGlobal
