
Microsoft Visual Studio Solution File, Format Version 12.00
# Visual Studio 15
VisualStudioVersion = 15.0.26730.8
MinimumVisualStudioVersion = 10.0.40219.1
Project("{9A19103F-16F7-4668-BE54-9A1E7A4F7556}") = "ZKWeb.Toolkits.ProjectCreator", "ZKWeb.Toolkits.ProjectCreator\ZKWeb.Toolkits.ProjectCreator.csproj", "{CEFD9935-78AA-4AF8-B4A3-6E188F11B88B}"
EndProject
Project("{9A19103F-16F7-4668-BE54-9A1E7A4F7556}") = "ZKWeb.Toolkits.WebsitePublisher", "ZKWeb.Toolkits.WebsitePublisher\ZKWeb.Toolkits.WebsitePublisher.csproj", "{7A73D1F0-8266-4BF3-9518-84E8AF74EF56}"
EndProject
Project("{9A19103F-16F7-4668-BE54-9A1E7A4F7556}") = "ZKWeb.Toolkits.WebsitePublisher.Cmd", "ZKWeb.Toolkits.WebsitePublisher.Cmd\ZKWeb.Toolkits.WebsitePublisher.Cmd.csproj", "{C2641EEA-6A1C-4FA4-8149-B57169C4C2B4}"
EndProject
Project("{FAE04EC0-301F-11D3-BF4B-00C04F79EFBC}") = "ZKWeb.Toolkits.ProjectCreator.Gui", "ZKWeb.Toolkits.ProjectCreator.Gui\ZKWeb.Toolkits.ProjectCreator.Gui.csproj", "{C3BA47B3-F33D-4408-B0F1-57BFCC9D359B}"
EndProject
Project("{9A19103F-16F7-4668-BE54-9A1E7A4F7556}") = "ZKWeb.Toolkits.ProjectCreator.Cmd", "ZKWeb.Toolkits.ProjectCreator.Cmd\ZKWeb.Toolkits.ProjectCreator.Cmd.csproj", "{37C8862A-13A0-4329-A982-8B2F3AF4AA6B}"
EndProject
Project("{FAE04EC0-301F-11D3-BF4B-00C04F79EFBC}") = "ZKWeb.Toolkits.WebsitePublisher.Gui", "ZKWeb.Toolkits.WebsitePublisher.Gui\ZKWeb.Toolkits.WebsitePublisher.Gui.csproj", "{C10616C4-7589-4EBE-B2E6-BE2BE2240B38}"
EndProject
Global
	GlobalSection(SolutionConfigurationPlatforms) = preSolution
		Debug|Any CPU = Debug|Any CPU
		Release|Any CPU = Release|Any CPU
	EndGlobalSection
	GlobalSection(ProjectConfigurationPlatforms) = postSolution
		{CEFD9935-78AA-4AF8-B4A3-6E188F11B88B}.Debug|Any CPU.ActiveCfg = Debug|Any CPU
		{CEFD9935-78AA-4AF8-B4A3-6E188F11B88B}.Debug|Any CPU.Build.0 = Debug|Any CPU
		{CEFD9935-78AA-4AF8-B4A3-6E188F11B88B}.Release|Any CPU.ActiveCfg = Release|Any CPU
		{CEFD9935-78AA-4AF8-B4A3-6E188F11B88B}.Release|Any CPU.Build.0 = Release|Any CPU
		{7A73D1F0-8266-4BF3-9518-84E8AF74EF56}.Debug|Any CPU.ActiveCfg = Debug|Any CPU
		{7A73D1F0-8266-4BF3-9518-84E8AF74EF56}.Debug|Any CPU.Build.0 = Debug|Any CPU
		{7A73D1F0-8266-4BF3-9518-84E8AF74EF56}.Release|Any CPU.ActiveCfg = Release|Any CPU
		{7A73D1F0-8266-4BF3-9518-84E8AF74EF56}.Release|Any CPU.Build.0 = Release|Any CPU
		{C2641EEA-6A1C-4FA4-8149-B57169C4C2B4}.Debug|Any CPU.ActiveCfg = Debug|Any CPU
		{C2641EEA-6A1C-4FA4-8149-B57169C4C2B4}.Debug|Any CPU.Build.0 = Debug|Any CPU
		{C2641EEA-6A1C-4FA4-8149-B57169C4C2B4}.Release|Any CPU.ActiveCfg = Release|Any CPU
		{C2641EEA-6A1C-4FA4-8149-B57169C4C2B4}.Release|Any CPU.Build.0 = Release|Any CPU
		{C3BA47B3-F33D-4408-B0F1-57BFCC9D359B}.Debug|Any CPU.ActiveCfg = Debug|Any CPU
		{C3BA47B3-F33D-4408-B0F1-57BFCC9D359B}.Debug|Any CPU.Build.0 = Debug|Any CPU
		{C3BA47B3-F33D-4408-B0F1-57BFCC9D359B}.Release|Any CPU.ActiveCfg = Release|Any CPU
		{C3BA47B3-F33D-4408-B0F1-57BFCC9D359B}.Release|Any CPU.Build.0 = Release|Any CPU
		{37C8862A-13A0-4329-A982-8B2F3AF4AA6B}.Debug|Any CPU.ActiveCfg = Debug|Any CPU
		{37C8862A-13A0-4329-A982-8B2F3AF4AA6B}.Debug|Any CPU.Build.0 = Debug|Any CPU
		{37C8862A-13A0-4329-A982-8B2F3AF4AA6B}.Release|Any CPU.ActiveCfg = Release|Any CPU
		{37C8862A-13A0-4329-A982-8B2F3AF4AA6B}.Release|Any CPU.Build.0 = Release|Any CPU
		{C10616C4-7589-4EBE-B2E6-BE2BE2240B38}.Debug|Any CPU.ActiveCfg = Debug|Any CPU
		{C10616C4-7589-4EBE-B2E6-BE2BE2240B38}.Debug|Any CPU.Build.0 = Debug|Any CPU
		{C10616C4-7589-4EBE-B2E6-BE2BE2240B38}.Release|Any CPU.ActiveCfg = Release|Any CPU
		{C10616C4-7589-4EBE-B2E6-BE2BE2240B38}.Release|Any CPU.Build.0 = Release|Any CPU
	EndGlobalSection
	GlobalSection(SolutionProperties) = preSolution
		HideSolutionNode = FALSE
	EndGlobalSection
	GlobalSection(ExtensibilityGlobals) = postSolution
		SolutionGuid = {B60C4EB5-A48B-49A4-9E9A-E7EE0B630D63}
	EndGlobalSection
EndGlobal
