
Microsoft Visual Studio Solution File, Format Version 12.00
# Visual Studio 14
VisualStudioVersion = 14.0.25123.0
MinimumVisualStudioVersion = 10.0.40219.1
Project("{FAE04EC0-301F-11D3-BF4B-00C04F79EFBC}") = "ZKWeb.AspNet", "ZKWeb.AspNet\ZKWeb.AspNet.csproj", "{BC3C47E5-A926-44E0-8978-AA7D648B407B}"
EndProject
Project("{FAE04EC0-301F-11D3-BF4B-00C04F79EFBC}") = "ZKWeb.AspNet.Console", "ZKWeb.AspNet.Console\ZKWeb.AspNet.Console.csproj", "{AE1F179A-C34C-4058-94B7-D2F3BDFFC2EF}"
EndProject
Global
	GlobalSection(SolutionConfigurationPlatforms) = preSolution
		Debug|Any CPU = Debug|Any CPU
		Release|Any CPU = Release|Any CPU
	EndGlobalSection
	GlobalSection(ProjectConfigurationPlatforms) = postSolution
		{BC3C47E5-A926-44E0-8978-AA7D648B407B}.Debug|Any CPU.ActiveCfg = Debug|Any CPU
		{BC3C47E5-A926-44E0-8978-AA7D648B407B}.Debug|Any CPU.Build.0 = Debug|Any CPU
		{BC3C47E5-A926-44E0-8978-AA7D648B407B}.Release|Any CPU.ActiveCfg = Release|Any CPU
		{BC3C47E5-A926-44E0-8978-AA7D648B407B}.Release|Any CPU.Build.0 = Release|Any CPU
		{AE1F179A-C34C-4058-94B7-D2F3BDFFC2EF}.Debug|Any CPU.ActiveCfg = Debug|Any CPU
		{AE1F179A-C34C-4058-94B7-D2F3BDFFC2EF}.Debug|Any CPU.Build.0 = Debug|Any CPU
		{AE1F179A-C34C-4058-94B7-D2F3BDFFC2EF}.Release|Any CPU.ActiveCfg = Release|Any CPU
		{AE1F179A-C34C-4058-94B7-D2F3BDFFC2EF}.Release|Any CPU.Build.0 = Release|Any CPU
	EndGlobalSection
	GlobalSection(SolutionProperties) = preSolution
		HideSolutionNode = FALSE
	EndGlobalSection
EndGlobal
