
Microsoft Visual Studio Solution File, Format Version 12.00
# Visual Studio 15
VisualStudioVersion = 15.0.26730.12
MinimumVisualStudioVersion = 10.0.40219.1
Project("{9A19103F-16F7-4668-BE54-9A1E7A4F7556}") = "ZKWebStandard", "ZKWebStandard\ZKWebStandard.csproj", "{440BD038-B3D4-46F0-8FC7-B789A2D3C456}"
EndProject
Project("{9A19103F-16F7-4668-BE54-9A1E7A4F7556}") = "ZKWeb", "ZKWeb\ZKWeb.csproj", "{50D6F28D-4FC8-4711-A0FF-A4EA768CDBD3}"
EndProject
Project("{9A19103F-16F7-4668-BE54-9A1E7A4F7556}") = "ZKWeb.Console", "ZKWeb.Console\ZKWeb.Console.csproj", "{120322FA-D4BB-41BD-B638-4CD7A2D83B18}"
EndProject
Project("{9A19103F-16F7-4668-BE54-9A1E7A4F7556}") = "ZKWeb.Hosting.AspNet", "ZKWeb.Hosting.AspNet\ZKWeb.Hosting.AspNet.csproj", "{016E4545-2A2E-482A-B230-23400677DD18}"
EndProject
Project("{9A19103F-16F7-4668-BE54-9A1E7A4F7556}") = "ZKWeb.Hosting.AspNetCore", "ZKWeb.Hosting.AspNetCore\ZKWeb.Hosting.AspNetCore.csproj", "{E03517D7-A2C7-4B28-B57B-9D770CA4EDC6}"
EndProject
Project("{9A19103F-16F7-4668-BE54-9A1E7A4F7556}") = "ZKWeb.Hosting.Owin", "ZKWeb.Hosting.Owin\ZKWeb.Hosting.Owin.csproj", "{668DBF52-038F-4400-A484-0FD2D92A3182}"
EndProject
Project("{9A19103F-16F7-4668-BE54-9A1E7A4F7556}") = "ZKWeb.ORM.NHibernate", "ZKWeb.ORM.NHibernate\ZKWeb.ORM.NHibernate.csproj", "{EDB5064E-77C2-4DE0-A1B8-A70196C656D3}"
EndProject
Project("{9A19103F-16F7-4668-BE54-9A1E7A4F7556}") = "ZKWeb.ORM.EFCore", "ZKWeb.ORM.EFCore\ZKWeb.ORM.EFCore.csproj", "{8B8B427D-A079-4145-B5D0-E726A5A0EA95}"
EndProject
Project("{9A19103F-16F7-4668-BE54-9A1E7A4F7556}") = "ZKWeb.ORM.InMemory", "ZKWeb.ORM.InMemory\ZKWeb.ORM.InMemory.csproj", "{0A265341-C534-4822-BDA8-27F3853B09AB}"
EndProject
Project("{9A19103F-16F7-4668-BE54-9A1E7A4F7556}") = "ZKWeb.ORM.MongoDB", "ZKWeb.ORM.MongoDB\ZKWeb.ORM.MongoDB.csproj", "{DF94D55B-6572-4487-B9E8-88DD83853B28}"
EndProject
Project("{9A19103F-16F7-4668-BE54-9A1E7A4F7556}") = "ZKWeb.ORM.Dapper", "ZKWeb.ORM.Dapper\ZKWeb.ORM.Dapper.csproj", "{9480BBC6-622F-4386-8652-C5977634E9CB}"
EndProject
Global
	GlobalSection(SolutionConfigurationPlatforms) = preSolution
		Debug|Any CPU = Debug|Any CPU
		Release|Any CPU = Release|Any CPU
	EndGlobalSection
	GlobalSection(ProjectConfigurationPlatforms) = postSolution
		{440BD038-B3D4-46F0-8FC7-B789A2D3C456}.Debug|Any CPU.ActiveCfg = Debug|Any CPU
		{440BD038-B3D4-46F0-8FC7-B789A2D3C456}.Debug|Any CPU.Build.0 = Debug|Any CPU
		{440BD038-B3D4-46F0-8FC7-B789A2D3C456}.Release|Any CPU.ActiveCfg = Release|Any CPU
		{440BD038-B3D4-46F0-8FC7-B789A2D3C456}.Release|Any CPU.Build.0 = Release|Any CPU
		{50D6F28D-4FC8-4711-A0FF-A4EA768CDBD3}.Debug|Any CPU.ActiveCfg = Debug|Any CPU
		{50D6F28D-4FC8-4711-A0FF-A4EA768CDBD3}.Debug|Any CPU.Build.0 = Debug|Any CPU
		{50D6F28D-4FC8-4711-A0FF-A4EA768CDBD3}.Release|Any CPU.ActiveCfg = Release|Any CPU
		{50D6F28D-4FC8-4711-A0FF-A4EA768CDBD3}.Release|Any CPU.Build.0 = Release|Any CPU
		{120322FA-D4BB-41BD-B638-4CD7A2D83B18}.Debug|Any CPU.ActiveCfg = Debug|Any CPU
		{120322FA-D4BB-41BD-B638-4CD7A2D83B18}.Debug|Any CPU.Build.0 = Debug|Any CPU
		{120322FA-D4BB-41BD-B638-4CD7A2D83B18}.Release|Any CPU.ActiveCfg = Release|Any CPU
		{120322FA-D4BB-41BD-B638-4CD7A2D83B18}.Release|Any CPU.Build.0 = Release|Any CPU
		{016E4545-2A2E-482A-B230-23400677DD18}.Debug|Any CPU.ActiveCfg = Debug|Any CPU
		{016E4545-2A2E-482A-B230-23400677DD18}.Debug|Any CPU.Build.0 = Debug|Any CPU
		{016E4545-2A2E-482A-B230-23400677DD18}.Release|Any CPU.ActiveCfg = Release|Any CPU
		{016E4545-2A2E-482A-B230-23400677DD18}.Release|Any CPU.Build.0 = Release|Any CPU
		{E03517D7-A2C7-4B28-B57B-9D770CA4EDC6}.Debug|Any CPU.ActiveCfg = Debug|Any CPU
		{E03517D7-A2C7-4B28-B57B-9D770CA4EDC6}.Debug|Any CPU.Build.0 = Debug|Any CPU
		{E03517D7-A2C7-4B28-B57B-9D770CA4EDC6}.Release|Any CPU.ActiveCfg = Release|Any CPU
		{E03517D7-A2C7-4B28-B57B-9D770CA4EDC6}.Release|Any CPU.Build.0 = Release|Any CPU
		{668DBF52-038F-4400-A484-0FD2D92A3182}.Debug|Any CPU.ActiveCfg = Debug|Any CPU
		{668DBF52-038F-4400-A484-0FD2D92A3182}.Debug|Any CPU.Build.0 = Debug|Any CPU
		{668DBF52-038F-4400-A484-0FD2D92A3182}.Release|Any CPU.ActiveCfg = Release|Any CPU
		{668DBF52-038F-4400-A484-0FD2D92A3182}.Release|Any CPU.Build.0 = Release|Any CPU
		{EDB5064E-77C2-4DE0-A1B8-A70196C656D3}.Debug|Any CPU.ActiveCfg = Debug|Any CPU
		{EDB5064E-77C2-4DE0-A1B8-A70196C656D3}.Debug|Any CPU.Build.0 = Debug|Any CPU
		{EDB5064E-77C2-4DE0-A1B8-A70196C656D3}.Release|Any CPU.ActiveCfg = Release|Any CPU
		{EDB5064E-77C2-4DE0-A1B8-A70196C656D3}.Release|Any CPU.Build.0 = Release|Any CPU
		{8B8B427D-A079-4145-B5D0-E726A5A0EA95}.Debug|Any CPU.ActiveCfg = Debug|Any CPU
		{8B8B427D-A079-4145-B5D0-E726A5A0EA95}.Debug|Any CPU.Build.0 = Debug|Any CPU
		{8B8B427D-A079-4145-B5D0-E726A5A0EA95}.Release|Any CPU.ActiveCfg = Release|Any CPU
		{8B8B427D-A079-4145-B5D0-E726A5A0EA95}.Release|Any CPU.Build.0 = Release|Any CPU
		{0A265341-C534-4822-BDA8-27F3853B09AB}.Debug|Any CPU.ActiveCfg = Debug|Any CPU
		{0A265341-C534-4822-BDA8-27F3853B09AB}.Debug|Any CPU.Build.0 = Debug|Any CPU
		{0A265341-C534-4822-BDA8-27F3853B09AB}.Release|Any CPU.ActiveCfg = Release|Any CPU
		{0A265341-C534-4822-BDA8-27F3853B09AB}.Release|Any CPU.Build.0 = Release|Any CPU
		{DF94D55B-6572-4487-B9E8-88DD83853B28}.Debug|Any CPU.ActiveCfg = Debug|Any CPU
		{DF94D55B-6572-4487-B9E8-88DD83853B28}.Debug|Any CPU.Build.0 = Debug|Any CPU
		{DF94D55B-6572-4487-B9E8-88DD83853B28}.Release|Any CPU.ActiveCfg = Release|Any CPU
		{DF94D55B-6572-4487-B9E8-88DD83853B28}.Release|Any CPU.Build.0 = Release|Any CPU
		{9480BBC6-622F-4386-8652-C5977634E9CB}.Debug|Any CPU.ActiveCfg = Debug|Any CPU
		{9480BBC6-622F-4386-8652-C5977634E9CB}.Debug|Any CPU.Build.0 = Debug|Any CPU
		{9480BBC6-622F-4386-8652-C5977634E9CB}.Release|Any CPU.ActiveCfg = Release|Any CPU
		{9480BBC6-622F-4386-8652-C5977634E9CB}.Release|Any CPU.Build.0 = Release|Any CPU
	EndGlobalSection
	GlobalSection(SolutionProperties) = preSolution
		HideSolutionNode = FALSE
	EndGlobalSection
	GlobalSection(ExtensibilityGlobals) = postSolution
		SolutionGuid = {FF563F5F-C244-4155-B12D-B0B7D4C196B2}
	EndGlobalSection
EndGlobal
