
Microsoft Visual Studio Solution File, Format Version 12.00
# Visual Studio 14
VisualStudioVersion = 14.0.25420.1
MinimumVisualStudioVersion = 10.0.40219.1
Project("{FAE04EC0-301F-11D3-BF4B-00C04F79EFBC}") = "AspNetTemplate", "AspNetTemplate\AspNetTemplate.csproj", "{1A50DA80-80E9-4FA4-B171-4E5BC38EC598}"
EndProject
Project("{FAE04EC0-301F-11D3-BF4B-00C04F79EFBC}") = "AspNetTemplate.Console", "AspNetTemplate.Console\AspNetTemplate.Console.csproj", "{3DA32880-D2D3-4430-94DA-9A9A1FEA7291}"
EndProject
Global
	GlobalSection(SolutionConfigurationPlatforms) = preSolution
		Debug|Any CPU = Debug|Any CPU
		Release|Any CPU = Release|Any CPU
	EndGlobalSection
	GlobalSection(ProjectConfigurationPlatforms) = postSolution
		{1A50DA80-80E9-4FA4-B171-4E5BC38EC598}.Debug|Any CPU.ActiveCfg = Debug|Any CPU
		{1A50DA80-80E9-4FA4-B171-4E5BC38EC598}.Debug|Any CPU.Build.0 = Debug|Any CPU
		{1A50DA80-80E9-4FA4-B171-4E5BC38EC598}.Release|Any CPU.ActiveCfg = Release|Any CPU
		{1A50DA80-80E9-4FA4-B171-4E5BC38EC598}.Release|Any CPU.Build.0 = Release|Any CPU
		{3DA32880-D2D3-4430-94DA-9A9A1FEA7291}.Debug|Any CPU.ActiveCfg = Debug|Any CPU
		{3DA32880-D2D3-4430-94DA-9A9A1FEA7291}.Debug|Any CPU.Build.0 = Debug|Any CPU
		{3DA32880-D2D3-4430-94DA-9A9A1FEA7291}.Release|Any CPU.ActiveCfg = Release|Any CPU
		{3DA32880-D2D3-4430-94DA-9A9A1FEA7291}.Release|Any CPU.Build.0 = Release|Any CPU
	EndGlobalSection
	GlobalSection(SolutionProperties) = preSolution
		HideSolutionNode = FALSE
	EndGlobalSection
EndGlobal
